
Microsoft Visual Studio Solution File, Format Version 12.00
# Visual Studio Version 17
VisualStudioVersion = 17.6.33815.320
MinimumVisualStudioVersion = 10.0.40219.1
Project("{FAE04EC0-301F-11D3-BF4B-00C04F79EFBC}") = "Students_Managerment", "Students_Managerment\Students_Managerment.csproj", "{4FE36D52-B4C5-4226-9AA0-852DA0C77821}"
EndProject
Global
	GlobalSection(SolutionConfigurationPlatforms) = preSolution
		Debug|Any CPU = Debug|Any CPU
		Release|Any CPU = Release|Any CPU
	EndGlobalSection
	GlobalSection(ProjectConfigurationPlatforms) = postSolution
		{4FE36D52-B4C5-4226-9AA0-852DA0C77821}.Debug|Any CPU.ActiveCfg = Debug|Any CPU
		{4FE36D52-B4C5-4226-9AA0-852DA0C77821}.Debug|Any CPU.Build.0 = Debug|Any CPU
		{4FE36D52-B4C5-4226-9AA0-852DA0C77821}.Release|Any CPU.ActiveCfg = Release|Any CPU
		{4FE36D52-B4C5-4226-9AA0-852DA0C77821}.Release|Any CPU.Build.0 = Release|Any CPU
	EndGlobalSection
	GlobalSection(SolutionProperties) = preSolution
		HideSolutionNode = FALSE
	EndGlobalSection
	GlobalSection(ExtensibilityGlobals) = postSolution
		SolutionGuid = {1A64DCC7-5617-4CBE-BD79-F8DE9D50A832}
	EndGlobalSection
EndGlobal
